
Microsoft Visual Studio Solution File, Format Version 12.00
# Visual Studio Version 17
VisualStudioVersion = 17.0.32126.317
MinimumVisualStudioVersion = 10.0.40219.1
Project("{FAE04EC0-301F-11D3-BF4B-00C04F79EFBC}") = "Notes.Identity", "Notes.Identity\Notes.Identity.csproj", "{DD82682E-642D-43D1-BA13-1CAC6EE03D0E}"
EndProject
Global
	GlobalSection(SolutionConfigurationPlatforms) = preSolution
		Debug|Any CPU = Debug|Any CPU
		Release|Any CPU = Release|Any CPU
	EndGlobalSection
	GlobalSection(ProjectConfigurationPlatforms) = postSolution
		{DD82682E-642D-43D1-BA13-1CAC6EE03D0E}.Debug|Any CPU.ActiveCfg = Debug|Any CPU
		{DD82682E-642D-43D1-BA13-1CAC6EE03D0E}.Debug|Any CPU.Build.0 = Debug|Any CPU
		{DD82682E-642D-43D1-BA13-1CAC6EE03D0E}.Release|Any CPU.ActiveCfg = Release|Any CPU
		{DD82682E-642D-43D1-BA13-1CAC6EE03D0E}.Release|Any CPU.Build.0 = Release|Any CPU
	EndGlobalSection
	GlobalSection(SolutionProperties) = preSolution
		HideSolutionNode = FALSE
	EndGlobalSection
	GlobalSection(ExtensibilityGlobals) = postSolution
		SolutionGuid = {E7FCDE93-3429-4C40-A013-7045E58C7AF4}
	EndGlobalSection
EndGlobal
